// !$*UTF8*$!
{
	archiveVersion = 1;
	classes = {
	};
	objectVersion = 56;
	objects = {

/* Begin PBXBuildFile section */
		04A6C58988E35E434EDA37AC /* Pods_ios_foundation.framework in Frameworks */ = {isa = PBXBuildFile; fileRef = DF1BBAC95903666ADD25CA17 /* Pods_ios_foundation.framework */; };
		36109ABE2B5E34F8006629AE /* MovieService.swift in Sources */ = {isa = PBXBuildFile; fileRef = 36109ABD2B5E34F8006629AE /* MovieService.swift */; };
		36109AC12B5E3548006629AE /* Movie.swift in Sources */ = {isa = PBXBuildFile; fileRef = 36109AC02B5E3548006629AE /* Movie.swift */; };
		36109AC32B5E3715006629AE /* MovieDetail.swift in Sources */ = {isa = PBXBuildFile; fileRef = 36109AC22B5E3715006629AE /* MovieDetail.swift */; };
		36109AC62B5E37E8006629AE /* Constants.swift in Sources */ = {isa = PBXBuildFile; fileRef = 36109AC52B5E37E8006629AE /* Constants.swift */; };
		36109AC92B5E3833006629AE /* ApiService.swift in Sources */ = {isa = PBXBuildFile; fileRef = 36109AC82B5E3833006629AE /* ApiService.swift */; };
		36109AEF2B5E47AC006629AE /* CoreDataContainer.swift in Sources */ = {isa = PBXBuildFile; fileRef = 36109AEE2B5E47AC006629AE /* CoreDataContainer.swift */; };
		36109AF52B5E4812006629AE /* MovieDB+CoreData.swift in Sources */ = {isa = PBXBuildFile; fileRef = 36109AF42B5E4812006629AE /* MovieDB+CoreData.swift */; };
		36109AF72B5E4854006629AE /* MovieDB+CoreDataProperties.swift in Sources */ = {isa = PBXBuildFile; fileRef = 36109AF62B5E4854006629AE /* MovieDB+CoreDataProperties.swift */; };
		362F80592B5E4B28003B8543 /* DatabaseManager.swift in Sources */ = {isa = PBXBuildFile; fileRef = 362F80582B5E4B28003B8543 /* DatabaseManager.swift */; };
		362F80632B5E4D8B003B8543 /* MovieFavoriteViewController.swift in Sources */ = {isa = PBXBuildFile; fileRef = 362F80612B5E4D8B003B8543 /* MovieFavoriteViewController.swift */; };
		362F80642B5E4D8B003B8543 /* MovieFavoriteViewController.xib in Resources */ = {isa = PBXBuildFile; fileRef = 362F80622B5E4D8B003B8543 /* MovieFavoriteViewController.xib */; };
		5D2784032B5E28AB007BBE1F /* AppDelegate.swift in Sources */ = {isa = PBXBuildFile; fileRef = 5D2784022B5E28AB007BBE1F /* AppDelegate.swift */; };
		5D2784052B5E28AB007BBE1F /* SceneDelegate.swift in Sources */ = {isa = PBXBuildFile; fileRef = 5D2784042B5E28AB007BBE1F /* SceneDelegate.swift */; };
		5D27840D2B5E28AB007BBE1F /* ios_foundation.xcdatamodeld in Sources */ = {isa = PBXBuildFile; fileRef = 5D27840B2B5E28AB007BBE1F /* ios_foundation.xcdatamodeld */; };
		5D27840F2B5E28AD007BBE1F /* Assets.xcassets in Resources */ = {isa = PBXBuildFile; fileRef = 5D27840E2B5E28AD007BBE1F /* Assets.xcassets */; };
		5D2784122B5E28AD007BBE1F /* LaunchScreen.storyboard in Resources */ = {isa = PBXBuildFile; fileRef = 5D2784102B5E28AD007BBE1F /* LaunchScreen.storyboard */; };
		5D27841D2B5E28AD007BBE1F /* ios_foundationTests.swift in Sources */ = {isa = PBXBuildFile; fileRef = 5D27841C2B5E28AD007BBE1F /* ios_foundationTests.swift */; };
		5D2784272B5E28AD007BBE1F /* ios_foundationUITests.swift in Sources */ = {isa = PBXBuildFile; fileRef = 5D2784262B5E28AD007BBE1F /* ios_foundationUITests.swift */; };
		5D2784292B5E28AD007BBE1F /* ios_foundationUITestsLaunchTests.swift in Sources */ = {isa = PBXBuildFile; fileRef = 5D2784282B5E28AD007BBE1F /* ios_foundationUITestsLaunchTests.swift */; };
		5D2784382B5E2954007BBE1F /* HomeViewController.swift in Sources */ = {isa = PBXBuildFile; fileRef = 5D2784362B5E2954007BBE1F /* HomeViewController.swift */; };
		5D2784392B5E2954007BBE1F /* HomeViewController.xib in Resources */ = {isa = PBXBuildFile; fileRef = 5D2784372B5E2954007BBE1F /* HomeViewController.xib */; };
		5D27843D2B5E3F21007BBE1F /* MovieCellTableView.swift in Sources */ = {isa = PBXBuildFile; fileRef = 5D27843B2B5E3F21007BBE1F /* MovieCellTableView.swift */; };
		5D27843E2B5E3F21007BBE1F /* MovieCellTableView.xib in Resources */ = {isa = PBXBuildFile; fileRef = 5D27843C2B5E3F21007BBE1F /* MovieCellTableView.xib */; };
		5D31CE932B6200CF00228E27 /* DetailViewControllerTests.swift in Sources */ = {isa = PBXBuildFile; fileRef = 5D31CE922B6200CF00228E27 /* DetailViewControllerTests.swift */; };
		5D47241E2B5E5A860055F8E8 /* Utility.swift in Sources */ = {isa = PBXBuildFile; fileRef = 5D47241D2B5E5A860055F8E8 /* Utility.swift */; };
		5D4724222B5E79A70055F8E8 /* DetailViewController.swift in Sources */ = {isa = PBXBuildFile; fileRef = 5D4724202B5E79A70055F8E8 /* DetailViewController.swift */; };
		5D4724232B5E79A70055F8E8 /* DetailViewController.xib in Resources */ = {isa = PBXBuildFile; fileRef = 5D4724212B5E79A70055F8E8 /* DetailViewController.xib */; };
		5D47242A2B5F63440055F8E8 /* TagCollectionViewCell.swift in Sources */ = {isa = PBXBuildFile; fileRef = 5D4724282B5F63440055F8E8 /* TagCollectionViewCell.swift */; };
		5D47242B2B5F63440055F8E8 /* TagCollectionViewCell.xib in Resources */ = {isa = PBXBuildFile; fileRef = 5D4724292B5F63440055F8E8 /* TagCollectionViewCell.xib */; };
		5D4724302B5F6DF20055F8E8 /* TagView.swift in Sources */ = {isa = PBXBuildFile; fileRef = 5D47242E2B5F6DF20055F8E8 /* TagView.swift */; };
		5D4724312B5F6DF20055F8E8 /* TagView.xib in Resources */ = {isa = PBXBuildFile; fileRef = 5D47242F2B5F6DF20055F8E8 /* TagView.xib */; };
		5D4BC4DA2B609B2700F6C0C7 /* HomeViewControllerTests.swift in Sources */ = {isa = PBXBuildFile; fileRef = 5D4BC4D92B609B2700F6C0C7 /* HomeViewControllerTests.swift */; };
		C683AF371FAC2A474F6A2E3F /* Pods_ios_foundation_ios_foundationUITests.framework in Frameworks */ = {isa = PBXBuildFile; fileRef = 1F2EE5471D578CC690010A7A /* Pods_ios_foundation_ios_foundationUITests.framework */; };
		EB728177A0E51E2ACC190F1A /* Pods_ios_foundationTests.framework in Frameworks */ = {isa = PBXBuildFile; fileRef = 77BE90B2AD340C0418B73187 /* Pods_ios_foundationTests.framework */; };
/* End PBXBuildFile section */

/* Begin PBXContainerItemProxy section */
		5D2784192B5E28AD007BBE1F /* PBXContainerItemProxy */ = {
			isa = PBXContainerItemProxy;
			containerPortal = 5D2783F72B5E28AB007BBE1F /* Project object */;
			proxyType = 1;
			remoteGlobalIDString = 5D2783FE2B5E28AB007BBE1F;
			remoteInfo = "ios-foundation";
		};
		5D2784232B5E28AD007BBE1F /* PBXContainerItemProxy */ = {
			isa = PBXContainerItemProxy;
			containerPortal = 5D2783F72B5E28AB007BBE1F /* Project object */;
			proxyType = 1;
			remoteGlobalIDString = 5D2783FE2B5E28AB007BBE1F;
			remoteInfo = "ios-foundation";
		};
/* End PBXContainerItemProxy section */

/* Begin PBXFileReference section */
		1F2EE5471D578CC690010A7A /* Pods_ios_foundation_ios_foundationUITests.framework */ = {isa = PBXFileReference; explicitFileType = wrapper.framework; includeInIndex = 0; path = Pods_ios_foundation_ios_foundationUITests.framework; sourceTree = BUILT_PRODUCTS_DIR; };
		2365EB6657764A681A7557D4 /* Pods-ios-foundationTests.release.xcconfig */ = {isa = PBXFileReference; includeInIndex = 1; lastKnownFileType = text.xcconfig; name = "Pods-ios-foundationTests.release.xcconfig"; path = "Target Support Files/Pods-ios-foundationTests/Pods-ios-foundationTests.release.xcconfig"; sourceTree = "<group>"; };
		36109ABD2B5E34F8006629AE /* MovieService.swift */ = {isa = PBXFileReference; lastKnownFileType = sourcecode.swift; path = MovieService.swift; sourceTree = "<group>"; };
		36109AC02B5E3548006629AE /* Movie.swift */ = {isa = PBXFileReference; lastKnownFileType = sourcecode.swift; path = Movie.swift; sourceTree = "<group>"; };
		36109AC22B5E3715006629AE /* MovieDetail.swift */ = {isa = PBXFileReference; lastKnownFileType = sourcecode.swift; path = MovieDetail.swift; sourceTree = "<group>"; };
		36109AC52B5E37E8006629AE /* Constants.swift */ = {isa = PBXFileReference; lastKnownFileType = sourcecode.swift; path = Constants.swift; sourceTree = "<group>"; };
		36109AC82B5E3833006629AE /* ApiService.swift */ = {isa = PBXFileReference; lastKnownFileType = sourcecode.swift; path = ApiService.swift; sourceTree = "<group>"; };
		36109AEE2B5E47AC006629AE /* CoreDataContainer.swift */ = {isa = PBXFileReference; lastKnownFileType = sourcecode.swift; path = CoreDataContainer.swift; sourceTree = "<group>"; };
		36109AF42B5E4812006629AE /* MovieDB+CoreData.swift */ = {isa = PBXFileReference; lastKnownFileType = sourcecode.swift; path = "MovieDB+CoreData.swift"; sourceTree = "<group>"; };
		36109AF62B5E4854006629AE /* MovieDB+CoreDataProperties.swift */ = {isa = PBXFileReference; lastKnownFileType = sourcecode.swift; path = "MovieDB+CoreDataProperties.swift"; sourceTree = "<group>"; };
		362F80582B5E4B28003B8543 /* DatabaseManager.swift */ = {isa = PBXFileReference; lastKnownFileType = sourcecode.swift; path = DatabaseManager.swift; sourceTree = "<group>"; };
		362F80612B5E4D8B003B8543 /* MovieFavoriteViewController.swift */ = {isa = PBXFileReference; lastKnownFileType = sourcecode.swift; path = MovieFavoriteViewController.swift; sourceTree = "<group>"; };
		362F80622B5E4D8B003B8543 /* MovieFavoriteViewController.xib */ = {isa = PBXFileReference; lastKnownFileType = file.xib; path = MovieFavoriteViewController.xib; sourceTree = "<group>"; };
		5D2783FF2B5E28AB007BBE1F /* ios-foundation.app */ = {isa = PBXFileReference; explicitFileType = wrapper.application; includeInIndex = 0; path = "ios-foundation.app"; sourceTree = BUILT_PRODUCTS_DIR; };
		5D2784022B5E28AB007BBE1F /* AppDelegate.swift */ = {isa = PBXFileReference; lastKnownFileType = sourcecode.swift; path = AppDelegate.swift; sourceTree = "<group>"; };
		5D2784042B5E28AB007BBE1F /* SceneDelegate.swift */ = {isa = PBXFileReference; lastKnownFileType = sourcecode.swift; path = SceneDelegate.swift; sourceTree = "<group>"; };
		5D27840C2B5E28AB007BBE1F /* ios_foundation.xcdatamodel */ = {isa = PBXFileReference; lastKnownFileType = wrapper.xcdatamodel; path = ios_foundation.xcdatamodel; sourceTree = "<group>"; };
		5D27840E2B5E28AD007BBE1F /* Assets.xcassets */ = {isa = PBXFileReference; lastKnownFileType = folder.assetcatalog; path = Assets.xcassets; sourceTree = "<group>"; };
		5D2784112B5E28AD007BBE1F /* Base */ = {isa = PBXFileReference; lastKnownFileType = file.storyboard; name = Base; path = Base.lproj/LaunchScreen.storyboard; sourceTree = "<group>"; };
		5D2784132B5E28AD007BBE1F /* Info.plist */ = {isa = PBXFileReference; lastKnownFileType = text.plist.xml; path = Info.plist; sourceTree = "<group>"; };
		5D2784182B5E28AD007BBE1F /* ios-foundationTests.xctest */ = {isa = PBXFileReference; explicitFileType = wrapper.cfbundle; includeInIndex = 0; path = "ios-foundationTests.xctest"; sourceTree = BUILT_PRODUCTS_DIR; };
		5D27841C2B5E28AD007BBE1F /* ios_foundationTests.swift */ = {isa = PBXFileReference; lastKnownFileType = sourcecode.swift; path = ios_foundationTests.swift; sourceTree = "<group>"; };
		5D2784222B5E28AD007BBE1F /* ios-foundationUITests.xctest */ = {isa = PBXFileReference; explicitFileType = wrapper.cfbundle; includeInIndex = 0; path = "ios-foundationUITests.xctest"; sourceTree = BUILT_PRODUCTS_DIR; };
		5D2784262B5E28AD007BBE1F /* ios_foundationUITests.swift */ = {isa = PBXFileReference; lastKnownFileType = sourcecode.swift; path = ios_foundationUITests.swift; sourceTree = "<group>"; };
		5D2784282B5E28AD007BBE1F /* ios_foundationUITestsLaunchTests.swift */ = {isa = PBXFileReference; lastKnownFileType = sourcecode.swift; path = ios_foundationUITestsLaunchTests.swift; sourceTree = "<group>"; };
		5D2784362B5E2954007BBE1F /* HomeViewController.swift */ = {isa = PBXFileReference; lastKnownFileType = sourcecode.swift; path = HomeViewController.swift; sourceTree = "<group>"; };
		5D2784372B5E2954007BBE1F /* HomeViewController.xib */ = {isa = PBXFileReference; lastKnownFileType = file.xib; path = HomeViewController.xib; sourceTree = "<group>"; };
		5D27843B2B5E3F21007BBE1F /* MovieCellTableView.swift */ = {isa = PBXFileReference; lastKnownFileType = sourcecode.swift; path = MovieCellTableView.swift; sourceTree = "<group>"; };
		5D27843C2B5E3F21007BBE1F /* MovieCellTableView.xib */ = {isa = PBXFileReference; lastKnownFileType = file.xib; path = MovieCellTableView.xib; sourceTree = "<group>"; };
		5D31CE922B6200CF00228E27 /* DetailViewControllerTests.swift */ = {isa = PBXFileReference; lastKnownFileType = sourcecode.swift; path = DetailViewControllerTests.swift; sourceTree = "<group>"; };
		5D47241D2B5E5A860055F8E8 /* Utility.swift */ = {isa = PBXFileReference; lastKnownFileType = sourcecode.swift; path = Utility.swift; sourceTree = "<group>"; };
		5D4724202B5E79A70055F8E8 /* DetailViewController.swift */ = {isa = PBXFileReference; lastKnownFileType = sourcecode.swift; path = DetailViewController.swift; sourceTree = "<group>"; };
		5D4724212B5E79A70055F8E8 /* DetailViewController.xib */ = {isa = PBXFileReference; lastKnownFileType = file.xib; path = DetailViewController.xib; sourceTree = "<group>"; };
		5D4724282B5F63440055F8E8 /* TagCollectionViewCell.swift */ = {isa = PBXFileReference; lastKnownFileType = sourcecode.swift; path = TagCollectionViewCell.swift; sourceTree = "<group>"; };
		5D4724292B5F63440055F8E8 /* TagCollectionViewCell.xib */ = {isa = PBXFileReference; lastKnownFileType = file.xib; path = TagCollectionViewCell.xib; sourceTree = "<group>"; };
		5D47242E2B5F6DF20055F8E8 /* TagView.swift */ = {isa = PBXFileReference; lastKnownFileType = sourcecode.swift; path = TagView.swift; sourceTree = "<group>"; };
		5D47242F2B5F6DF20055F8E8 /* TagView.xib */ = {isa = PBXFileReference; lastKnownFileType = file.xib; path = TagView.xib; sourceTree = "<group>"; };
		5D4BC4D92B609B2700F6C0C7 /* HomeViewControllerTests.swift */ = {isa = PBXFileReference; lastKnownFileType = sourcecode.swift; path = HomeViewControllerTests.swift; sourceTree = "<group>"; };
		77BE90B2AD340C0418B73187 /* Pods_ios_foundationTests.framework */ = {isa = PBXFileReference; explicitFileType = wrapper.framework; includeInIndex = 0; path = Pods_ios_foundationTests.framework; sourceTree = BUILT_PRODUCTS_DIR; };
		8518FCC7F70FB8AAF7E78486 /* Pods-ios-foundation-ios-foundationUITests.debug.xcconfig */ = {isa = PBXFileReference; includeInIndex = 1; lastKnownFileType = text.xcconfig; name = "Pods-ios-foundation-ios-foundationUITests.debug.xcconfig"; path = "Target Support Files/Pods-ios-foundation-ios-foundationUITests/Pods-ios-foundation-ios-foundationUITests.debug.xcconfig"; sourceTree = "<group>"; };
		93043975EC65A7475898B6D8 /* Pods-ios-foundation.release.xcconfig */ = {isa = PBXFileReference; includeInIndex = 1; lastKnownFileType = text.xcconfig; name = "Pods-ios-foundation.release.xcconfig"; path = "Target Support Files/Pods-ios-foundation/Pods-ios-foundation.release.xcconfig"; sourceTree = "<group>"; };
		94D740223BCF640ADA74077D /* Pods-ios-foundation-ios-foundationUITests.release.xcconfig */ = {isa = PBXFileReference; includeInIndex = 1; lastKnownFileType = text.xcconfig; name = "Pods-ios-foundation-ios-foundationUITests.release.xcconfig"; path = "Target Support Files/Pods-ios-foundation-ios-foundationUITests/Pods-ios-foundation-ios-foundationUITests.release.xcconfig"; sourceTree = "<group>"; };
		DF1BBAC95903666ADD25CA17 /* Pods_ios_foundation.framework */ = {isa = PBXFileReference; explicitFileType = wrapper.framework; includeInIndex = 0; path = Pods_ios_foundation.framework; sourceTree = BUILT_PRODUCTS_DIR; };
		F3506C5659CCF22FBFD0B393 /* Pods-ios-foundation.debug.xcconfig */ = {isa = PBXFileReference; includeInIndex = 1; lastKnownFileType = text.xcconfig; name = "Pods-ios-foundation.debug.xcconfig"; path = "Target Support Files/Pods-ios-foundation/Pods-ios-foundation.debug.xcconfig"; sourceTree = "<group>"; };
		F9626823587D985C3E4BDB59 /* Pods-ios-foundationTests.debug.xcconfig */ = {isa = PBXFileReference; includeInIndex = 1; lastKnownFileType = text.xcconfig; name = "Pods-ios-foundationTests.debug.xcconfig"; path = "Target Support Files/Pods-ios-foundationTests/Pods-ios-foundationTests.debug.xcconfig"; sourceTree = "<group>"; };
/* End PBXFileReference section */

/* Begin PBXFrameworksBuildPhase section */
		5D2783FC2B5E28AB007BBE1F /* Frameworks */ = {
			isa = PBXFrameworksBuildPhase;
			buildActionMask = 2147483647;
			files = (
				04A6C58988E35E434EDA37AC /* Pods_ios_foundation.framework in Frameworks */,
			);
			runOnlyForDeploymentPostprocessing = 0;
		};
		5D2784152B5E28AD007BBE1F /* Frameworks */ = {
			isa = PBXFrameworksBuildPhase;
			buildActionMask = 2147483647;
			files = (
				EB728177A0E51E2ACC190F1A /* Pods_ios_foundationTests.framework in Frameworks */,
			);
			runOnlyForDeploymentPostprocessing = 0;
		};
		5D27841F2B5E28AD007BBE1F /* Frameworks */ = {
			isa = PBXFrameworksBuildPhase;
			buildActionMask = 2147483647;
			files = (
				C683AF371FAC2A474F6A2E3F /* Pods_ios_foundation_ios_foundationUITests.framework in Frameworks */,
			);
			runOnlyForDeploymentPostprocessing = 0;
		};
/* End PBXFrameworksBuildPhase section */

/* Begin PBXGroup section */
		36109ABC2B5E349F006629AE /* Network */ = {
			isa = PBXGroup;
			children = (
				36109ABD2B5E34F8006629AE /* MovieService.swift */,
				36109AC82B5E3833006629AE /* ApiService.swift */,
			);
			path = Network;
			sourceTree = "<group>";
		};
		36109ABF2B5E3539006629AE /* Model */ = {
			isa = PBXGroup;
			children = (
				36109AC02B5E3548006629AE /* Movie.swift */,
				36109AC22B5E3715006629AE /* MovieDetail.swift */,
			);
			path = Model;
			sourceTree = "<group>";
		};
		36109AC42B5E37DD006629AE /* Utils */ = {
			isa = PBXGroup;
			children = (
				36109AC52B5E37E8006629AE /* Constants.swift */,
				5D47241D2B5E5A860055F8E8 /* Utility.swift */,
			);
			path = Utils;
			sourceTree = "<group>";
		};
		36109AED2B5E45D5006629AE /* LocalDB */ = {
			isa = PBXGroup;
			children = (
				36109AEE2B5E47AC006629AE /* CoreDataContainer.swift */,
				36109AF42B5E4812006629AE /* MovieDB+CoreData.swift */,
				36109AF62B5E4854006629AE /* MovieDB+CoreDataProperties.swift */,
				362F80582B5E4B28003B8543 /* DatabaseManager.swift */,
			);
			path = LocalDB;
			sourceTree = "<group>";
		};
		362F805A2B5E4D28003B8543 /* FavoriteView */ = {
			isa = PBXGroup;
			children = (
				362F80612B5E4D8B003B8543 /* MovieFavoriteViewController.swift */,
				362F80622B5E4D8B003B8543 /* MovieFavoriteViewController.xib */,
			);
			path = FavoriteView;
			sourceTree = "<group>";
		};
		5D2783F62B5E28AB007BBE1F = {
			isa = PBXGroup;
			children = (
				5D2784012B5E28AB007BBE1F /* ios-foundation */,
				5D27841B2B5E28AD007BBE1F /* ios-foundationTests */,
				5D2784252B5E28AD007BBE1F /* ios-foundationUITests */,
				5D2784002B5E28AB007BBE1F /* Products */,
				C81DEE2FE0A154A84AD5C7A0 /* Pods */,
				F3C7F4B6196796CCF5471243 /* Frameworks */,
			);
			sourceTree = "<group>";
		};
		5D2784002B5E28AB007BBE1F /* Products */ = {
			isa = PBXGroup;
			children = (
				5D2783FF2B5E28AB007BBE1F /* ios-foundation.app */,
				5D2784182B5E28AD007BBE1F /* ios-foundationTests.xctest */,
				5D2784222B5E28AD007BBE1F /* ios-foundationUITests.xctest */,
			);
			name = Products;
			sourceTree = "<group>";
		};
		5D2784012B5E28AB007BBE1F /* ios-foundation */ = {
			isa = PBXGroup;
			children = (
				36109AED2B5E45D5006629AE /* LocalDB */,
				36109AC42B5E37DD006629AE /* Utils */,
				36109ABF2B5E3539006629AE /* Model */,
				36109ABC2B5E349F006629AE /* Network */,
				5D27843A2B5E3D0E007BBE1F /* Component */,
				5D2784352B5E2940007BBE1F /* Scene */,
				5D2784022B5E28AB007BBE1F /* AppDelegate.swift */,
				5D2784042B5E28AB007BBE1F /* SceneDelegate.swift */,
				5D27840E2B5E28AD007BBE1F /* Assets.xcassets */,
				5D2784102B5E28AD007BBE1F /* LaunchScreen.storyboard */,
				5D2784132B5E28AD007BBE1F /* Info.plist */,
				5D27840B2B5E28AB007BBE1F /* ios_foundation.xcdatamodeld */,
			);
			path = "ios-foundation";
			sourceTree = "<group>";
		};
		5D27841B2B5E28AD007BBE1F /* ios-foundationTests */ = {
			isa = PBXGroup;
			children = (
				5D27841C2B5E28AD007BBE1F /* ios_foundationTests.swift */,
				5D4BC4D92B609B2700F6C0C7 /* HomeViewControllerTests.swift */,
				5D31CE922B6200CF00228E27 /* DetailViewControllerTests.swift */,
			);
			path = "ios-foundationTests";
			sourceTree = "<group>";
		};
		5D2784252B5E28AD007BBE1F /* ios-foundationUITests */ = {
			isa = PBXGroup;
			children = (
				5D2784262B5E28AD007BBE1F /* ios_foundationUITests.swift */,
				5D2784282B5E28AD007BBE1F /* ios_foundationUITestsLaunchTests.swift */,
			);
			path = "ios-foundationUITests";
			sourceTree = "<group>";
		};
		5D2784352B5E2940007BBE1F /* Scene */ = {
			isa = PBXGroup;
			children = (
				5D47241F2B5E79860055F8E8 /* DetailView */,
				362F805A2B5E4D28003B8543 /* FavoriteView */,
				5D2784362B5E2954007BBE1F /* HomeViewController.swift */,
				5D2784372B5E2954007BBE1F /* HomeViewController.xib */,
			);
			path = Scene;
			sourceTree = "<group>";
		};
		5D27843A2B5E3D0E007BBE1F /* Component */ = {
			isa = PBXGroup;
			children = (
				5D27843B2B5E3F21007BBE1F /* MovieCellTableView.swift */,
				5D27843C2B5E3F21007BBE1F /* MovieCellTableView.xib */,
				5D4724282B5F63440055F8E8 /* TagCollectionViewCell.swift */,
				5D4724292B5F63440055F8E8 /* TagCollectionViewCell.xib */,
				5D47242E2B5F6DF20055F8E8 /* TagView.swift */,
				5D47242F2B5F6DF20055F8E8 /* TagView.xib */,
			);
			path = Component;
			sourceTree = "<group>";
		};
		5D47241F2B5E79860055F8E8 /* DetailView */ = {
			isa = PBXGroup;
			children = (
				5D4724202B5E79A70055F8E8 /* DetailViewController.swift */,
				5D4724212B5E79A70055F8E8 /* DetailViewController.xib */,
			);
			path = DetailView;
			sourceTree = "<group>";
		};
		C81DEE2FE0A154A84AD5C7A0 /* Pods */ = {
			isa = PBXGroup;
			children = (
				F3506C5659CCF22FBFD0B393 /* Pods-ios-foundation.debug.xcconfig */,
				93043975EC65A7475898B6D8 /* Pods-ios-foundation.release.xcconfig */,
				8518FCC7F70FB8AAF7E78486 /* Pods-ios-foundation-ios-foundationUITests.debug.xcconfig */,
				94D740223BCF640ADA74077D /* Pods-ios-foundation-ios-foundationUITests.release.xcconfig */,
				F9626823587D985C3E4BDB59 /* Pods-ios-foundationTests.debug.xcconfig */,
				2365EB6657764A681A7557D4 /* Pods-ios-foundationTests.release.xcconfig */,
			);
			path = Pods;
			sourceTree = "<group>";
		};
		F3C7F4B6196796CCF5471243 /* Frameworks */ = {
			isa = PBXGroup;
			children = (
				DF1BBAC95903666ADD25CA17 /* Pods_ios_foundation.framework */,
				1F2EE5471D578CC690010A7A /* Pods_ios_foundation_ios_foundationUITests.framework */,
				77BE90B2AD340C0418B73187 /* Pods_ios_foundationTests.framework */,
			);
			name = Frameworks;
			sourceTree = "<group>";
		};
/* End PBXGroup section */

/* Begin PBXNativeTarget section */
		5D2783FE2B5E28AB007BBE1F /* ios-foundation */ = {
			isa = PBXNativeTarget;
			buildConfigurationList = 5D27842C2B5E28AD007BBE1F /* Build configuration list for PBXNativeTarget "ios-foundation" */;
			buildPhases = (
				7BA54EC68C2D1296FD41E14E /* [CP] Check Pods Manifest.lock */,
				5D2783FB2B5E28AB007BBE1F /* Sources */,
				5D2783FC2B5E28AB007BBE1F /* Frameworks */,
				5D2783FD2B5E28AB007BBE1F /* Resources */,
				B2AED94D7925477E14D29A02 /* [CP] Embed Pods Frameworks */,
			);
			buildRules = (
			);
			dependencies = (
			);
			name = "ios-foundation";
			productName = "ios-foundation";
			productReference = 5D2783FF2B5E28AB007BBE1F /* ios-foundation.app */;
			productType = "com.apple.product-type.application";
		};
		5D2784172B5E28AD007BBE1F /* ios-foundationTests */ = {
			isa = PBXNativeTarget;
			buildConfigurationList = 5D27842F2B5E28AD007BBE1F /* Build configuration list for PBXNativeTarget "ios-foundationTests" */;
			buildPhases = (
				44123BE5C388ACADAEBFF9C5 /* [CP] Check Pods Manifest.lock */,
				5D2784142B5E28AD007BBE1F /* Sources */,
				5D2784152B5E28AD007BBE1F /* Frameworks */,
				5D2784162B5E28AD007BBE1F /* Resources */,
			);
			buildRules = (
			);
			dependencies = (
				5D27841A2B5E28AD007BBE1F /* PBXTargetDependency */,
			);
			name = "ios-foundationTests";
			productName = "ios-foundationTests";
			productReference = 5D2784182B5E28AD007BBE1F /* ios-foundationTests.xctest */;
			productType = "com.apple.product-type.bundle.unit-test";
		};
		5D2784212B5E28AD007BBE1F /* ios-foundationUITests */ = {
			isa = PBXNativeTarget;
			buildConfigurationList = 5D2784322B5E28AD007BBE1F /* Build configuration list for PBXNativeTarget "ios-foundationUITests" */;
			buildPhases = (
				9C177881E0130FE2F4D9B627 /* [CP] Check Pods Manifest.lock */,
				5D27841E2B5E28AD007BBE1F /* Sources */,
				5D27841F2B5E28AD007BBE1F /* Frameworks */,
				5D2784202B5E28AD007BBE1F /* Resources */,
				7606F5730FC99309D6DB6D19 /* [CP] Embed Pods Frameworks */,
			);
			buildRules = (
			);
			dependencies = (
				5D2784242B5E28AD007BBE1F /* PBXTargetDependency */,
			);
			name = "ios-foundationUITests";
			productName = "ios-foundationUITests";
			productReference = 5D2784222B5E28AD007BBE1F /* ios-foundationUITests.xctest */;
			productType = "com.apple.product-type.bundle.ui-testing";
		};
/* End PBXNativeTarget section */

/* Begin PBXProject section */
		5D2783F72B5E28AB007BBE1F /* Project object */ = {
			isa = PBXProject;
			attributes = {
				BuildIndependentTargetsInParallel = 1;
				LastSwiftUpdateCheck = 1430;
				LastUpgradeCheck = 1430;
				TargetAttributes = {
					5D2783FE2B5E28AB007BBE1F = {
						CreatedOnToolsVersion = 14.3.1;
					};
					5D2784172B5E28AD007BBE1F = {
						CreatedOnToolsVersion = 14.3.1;
						TestTargetID = 5D2783FE2B5E28AB007BBE1F;
					};
					5D2784212B5E28AD007BBE1F = {
						CreatedOnToolsVersion = 14.3.1;
						TestTargetID = 5D2783FE2B5E28AB007BBE1F;
					};
				};
			};
			buildConfigurationList = 5D2783FA2B5E28AB007BBE1F /* Build configuration list for PBXProject "ios-foundation" */;
			compatibilityVersion = "Xcode 14.0";
			developmentRegion = en;
			hasScannedForEncodings = 0;
			knownRegions = (
				en,
				Base,
			);
			mainGroup = 5D2783F62B5E28AB007BBE1F;
			productRefGroup = 5D2784002B5E28AB007BBE1F /* Products */;
			projectDirPath = "";
			projectRoot = "";
			targets = (
				5D2783FE2B5E28AB007BBE1F /* ios-foundation */,
				5D2784172B5E28AD007BBE1F /* ios-foundationTests */,
				5D2784212B5E28AD007BBE1F /* ios-foundationUITests */,
			);
		};
/* End PBXProject section */

/* Begin PBXResourcesBuildPhase section */
		5D2783FD2B5E28AB007BBE1F /* Resources */ = {
			isa = PBXResourcesBuildPhase;
			buildActionMask = 2147483647;
			files = (
				5D2784122B5E28AD007BBE1F /* LaunchScreen.storyboard in Resources */,
				5D47242B2B5F63440055F8E8 /* TagCollectionViewCell.xib in Resources */,
				5D4724312B5F6DF20055F8E8 /* TagView.xib in Resources */,
				5D4724232B5E79A70055F8E8 /* DetailViewController.xib in Resources */,
				5D27840F2B5E28AD007BBE1F /* Assets.xcassets in Resources */,
				5D27843E2B5E3F21007BBE1F /* MovieCellTableView.xib in Resources */,
				5D2784392B5E2954007BBE1F /* HomeViewController.xib in Resources */,
				362F80642B5E4D8B003B8543 /* MovieFavoriteViewController.xib in Resources */,
			);
			runOnlyForDeploymentPostprocessing = 0;
		};
		5D2784162B5E28AD007BBE1F /* Resources */ = {
			isa = PBXResourcesBuildPhase;
			buildActionMask = 2147483647;
			files = (
			);
			runOnlyForDeploymentPostprocessing = 0;
		};
		5D2784202B5E28AD007BBE1F /* Resources */ = {
			isa = PBXResourcesBuildPhase;
			buildActionMask = 2147483647;
			files = (
			);
			runOnlyForDeploymentPostprocessing = 0;
		};
/* End PBXResourcesBuildPhase section */

/* Begin PBXShellScriptBuildPhase section */
		44123BE5C388ACADAEBFF9C5 /* [CP] Check Pods Manifest.lock */ = {
			isa = PBXShellScriptBuildPhase;
			buildActionMask = 2147483647;
			files = (
			);
			inputFileListPaths = (
			);
			inputPaths = (
				"${PODS_PODFILE_DIR_PATH}/Podfile.lock",
				"${PODS_ROOT}/Manifest.lock",
			);
			name = "[CP] Check Pods Manifest.lock";
			outputFileListPaths = (
			);
			outputPaths = (
				"$(DERIVED_FILE_DIR)/Pods-ios-foundationTests-checkManifestLockResult.txt",
			);
			runOnlyForDeploymentPostprocessing = 0;
			shellPath = /bin/sh;
			shellScript = "diff \"${PODS_PODFILE_DIR_PATH}/Podfile.lock\" \"${PODS_ROOT}/Manifest.lock\" > /dev/null\nif [ $? != 0 ] ; then\n    # print error to STDERR\n    echo \"error: The sandbox is not in sync with the Podfile.lock. Run 'pod install' or update your CocoaPods installation.\" >&2\n    exit 1\nfi\n# This output is used by Xcode 'outputs' to avoid re-running this script phase.\necho \"SUCCESS\" > \"${SCRIPT_OUTPUT_FILE_0}\"\n";
			showEnvVarsInLog = 0;
		};
		7606F5730FC99309D6DB6D19 /* [CP] Embed Pods Frameworks */ = {
			isa = PBXShellScriptBuildPhase;
			buildActionMask = 2147483647;
			files = (
			);
			inputFileListPaths = (
				"${PODS_ROOT}/Target Support Files/Pods-ios-foundation-ios-foundationUITests/Pods-ios-foundation-ios-foundationUITests-frameworks-${CONFIGURATION}-input-files.xcfilelist",
			);
			name = "[CP] Embed Pods Frameworks";
			outputFileListPaths = (
				"${PODS_ROOT}/Target Support Files/Pods-ios-foundation-ios-foundationUITests/Pods-ios-foundation-ios-foundationUITests-frameworks-${CONFIGURATION}-output-files.xcfilelist",
			);
			runOnlyForDeploymentPostprocessing = 0;
			shellPath = /bin/sh;
			shellScript = "\"${PODS_ROOT}/Target Support Files/Pods-ios-foundation-ios-foundationUITests/Pods-ios-foundation-ios-foundationUITests-frameworks.sh\"\n";
			showEnvVarsInLog = 0;
		};
		7BA54EC68C2D1296FD41E14E /* [CP] Check Pods Manifest.lock */ = {
			isa = PBXShellScriptBuildPhase;
			buildActionMask = 2147483647;
			files = (
			);
			inputFileListPaths = (
			);
			inputPaths = (
				"${PODS_PODFILE_DIR_PATH}/Podfile.lock",
				"${PODS_ROOT}/Manifest.lock",
			);
			name = "[CP] Check Pods Manifest.lock";
			outputFileListPaths = (
			);
			outputPaths = (
				"$(DERIVED_FILE_DIR)/Pods-ios-foundation-checkManifestLockResult.txt",
			);
			runOnlyForDeploymentPostprocessing = 0;
			shellPath = /bin/sh;
			shellScript = "diff \"${PODS_PODFILE_DIR_PATH}/Podfile.lock\" \"${PODS_ROOT}/Manifest.lock\" > /dev/null\nif [ $? != 0 ] ; then\n    # print error to STDERR\n    echo \"error: The sandbox is not in sync with the Podfile.lock. Run 'pod install' or update your CocoaPods installation.\" >&2\n    exit 1\nfi\n# This output is used by Xcode 'outputs' to avoid re-running this script phase.\necho \"SUCCESS\" > \"${SCRIPT_OUTPUT_FILE_0}\"\n";
			showEnvVarsInLog = 0;
		};
		9C177881E0130FE2F4D9B627 /* [CP] Check Pods Manifest.lock */ = {
			isa = PBXShellScriptBuildPhase;
			buildActionMask = 2147483647;
			files = (
			);
			inputFileListPaths = (
			);
			inputPaths = (
				"${PODS_PODFILE_DIR_PATH}/Podfile.lock",
				"${PODS_ROOT}/Manifest.lock",
			);
			name = "[CP] Check Pods Manifest.lock";
			outputFileListPaths = (
			);
			outputPaths = (
				"$(DERIVED_FILE_DIR)/Pods-ios-foundation-ios-foundationUITests-checkManifestLockResult.txt",
			);
			runOnlyForDeploymentPostprocessing = 0;
			shellPath = /bin/sh;
			shellScript = "diff \"${PODS_PODFILE_DIR_PATH}/Podfile.lock\" \"${PODS_ROOT}/Manifest.lock\" > /dev/null\nif [ $? != 0 ] ; then\n    # print error to STDERR\n    echo \"error: The sandbox is not in sync with the Podfile.lock. Run 'pod install' or update your CocoaPods installation.\" >&2\n    exit 1\nfi\n# This output is used by Xcode 'outputs' to avoid re-running this script phase.\necho \"SUCCESS\" > \"${SCRIPT_OUTPUT_FILE_0}\"\n";
			showEnvVarsInLog = 0;
		};
		B2AED94D7925477E14D29A02 /* [CP] Embed Pods Frameworks */ = {
			isa = PBXShellScriptBuildPhase;
			buildActionMask = 2147483647;
			files = (
			);
			inputFileListPaths = (
				"${PODS_ROOT}/Target Support Files/Pods-ios-foundation/Pods-ios-foundation-frameworks-${CONFIGURATION}-input-files.xcfilelist",
			);
			name = "[CP] Embed Pods Frameworks";
			outputFileListPaths = (
				"${PODS_ROOT}/Target Support Files/Pods-ios-foundation/Pods-ios-foundation-frameworks-${CONFIGURATION}-output-files.xcfilelist",
			);
			runOnlyForDeploymentPostprocessing = 0;
			shellPath = /bin/sh;
			shellScript = "\"${PODS_ROOT}/Target Support Files/Pods-ios-foundation/Pods-ios-foundation-frameworks.sh\"\n";
			showEnvVarsInLog = 0;
		};
/* End PBXShellScriptBuildPhase section */

/* Begin PBXSourcesBuildPhase section */
		5D2783FB2B5E28AB007BBE1F /* Sources */ = {
			isa = PBXSourcesBuildPhase;
			buildActionMask = 2147483647;
			files = (
				36109AC12B5E3548006629AE /* Movie.swift in Sources */,
				5D4724302B5F6DF20055F8E8 /* TagView.swift in Sources */,
				5D4724222B5E79A70055F8E8 /* DetailViewController.swift in Sources */,
				36109ABE2B5E34F8006629AE /* MovieService.swift in Sources */,
				5D47242A2B5F63440055F8E8 /* TagCollectionViewCell.swift in Sources */,
				362F80592B5E4B28003B8543 /* DatabaseManager.swift in Sources */,
				362F80632B5E4D8B003B8543 /* MovieFavoriteViewController.swift in Sources */,
				5D2784382B5E2954007BBE1F /* HomeViewController.swift in Sources */,
				36109AF52B5E4812006629AE /* MovieDB+CoreData.swift in Sources */,
				5D27840D2B5E28AB007BBE1F /* ios_foundation.xcdatamodeld in Sources */,
				5D2784032B5E28AB007BBE1F /* AppDelegate.swift in Sources */,
				36109AC92B5E3833006629AE /* ApiService.swift in Sources */,
				5D27843D2B5E3F21007BBE1F /* MovieCellTableView.swift in Sources */,
				5D2784052B5E28AB007BBE1F /* SceneDelegate.swift in Sources */,
				36109AF72B5E4854006629AE /* MovieDB+CoreDataProperties.swift in Sources */,
				5D47241E2B5E5A860055F8E8 /* Utility.swift in Sources */,
				36109AC32B5E3715006629AE /* MovieDetail.swift in Sources */,
				36109AEF2B5E47AC006629AE /* CoreDataContainer.swift in Sources */,
				36109AC62B5E37E8006629AE /* Constants.swift in Sources */,
			);
			runOnlyForDeploymentPostprocessing = 0;
		};
		5D2784142B5E28AD007BBE1F /* Sources */ = {
			isa = PBXSourcesBuildPhase;
			buildActionMask = 2147483647;
			files = (
				5D4BC4DA2B609B2700F6C0C7 /* HomeViewControllerTests.swift in Sources */,
				5D27841D2B5E28AD007BBE1F /* ios_foundationTests.swift in Sources */,
				5D31CE932B6200CF00228E27 /* DetailViewControllerTests.swift in Sources */,
			);
			runOnlyForDeploymentPostprocessing = 0;
		};
		5D27841E2B5E28AD007BBE1F /* Sources */ = {
			isa = PBXSourcesBuildPhase;
			buildActionMask = 2147483647;
			files = (
				5D2784272B5E28AD007BBE1F /* ios_foundationUITests.swift in Sources */,
				5D2784292B5E28AD007BBE1F /* ios_foundationUITestsLaunchTests.swift in Sources */,
			);
			runOnlyForDeploymentPostprocessing = 0;
		};
/* End PBXSourcesBuildPhase section */

/* Begin PBXTargetDependency section */
		5D27841A2B5E28AD007BBE1F /* PBXTargetDependency */ = {
			isa = PBXTargetDependency;
			target = 5D2783FE2B5E28AB007BBE1F /* ios-foundation */;
			targetProxy = 5D2784192B5E28AD007BBE1F /* PBXContainerItemProxy */;
		};
		5D2784242B5E28AD007BBE1F /* PBXTargetDependency */ = {
			isa = PBXTargetDependency;
			target = 5D2783FE2B5E28AB007BBE1F /* ios-foundation */;
			targetProxy = 5D2784232B5E28AD007BBE1F /* PBXContainerItemProxy */;
		};
/* End PBXTargetDependency section */

/* Begin PBXVariantGroup section */
		5D2784102B5E28AD007BBE1F /* LaunchScreen.storyboard */ = {
			isa = PBXVariantGroup;
			children = (
				5D2784112B5E28AD007BBE1F /* Base */,
			);
			name = LaunchScreen.storyboard;
			sourceTree = "<group>";
		};
/* End PBXVariantGroup section */

/* Begin XCBuildConfiguration section */
		5D27842A2B5E28AD007BBE1F /* Debug */ = {
			isa = XCBuildConfiguration;
			buildSettings = {
				ALWAYS_SEARCH_USER_PATHS = NO;
				CLANG_ANALYZER_NONNULL = YES;
				CLANG_ANALYZER_NUMBER_OBJECT_CONVERSION = YES_AGGRESSIVE;
				CLANG_CXX_LANGUAGE_STANDARD = "gnu++20";
				CLANG_ENABLE_MODULES = YES;
				CLANG_ENABLE_OBJC_ARC = YES;
				CLANG_ENABLE_OBJC_WEAK = YES;
				CLANG_WARN_BLOCK_CAPTURE_AUTORELEASING = YES;
				CLANG_WARN_BOOL_CONVERSION = YES;
				CLANG_WARN_COMMA = YES;
				CLANG_WARN_CONSTANT_CONVERSION = YES;
				CLANG_WARN_DEPRECATED_OBJC_IMPLEMENTATIONS = YES;
				CLANG_WARN_DIRECT_OBJC_ISA_USAGE = YES_ERROR;
				CLANG_WARN_DOCUMENTATION_COMMENTS = YES;
				CLANG_WARN_EMPTY_BODY = YES;
				CLANG_WARN_ENUM_CONVERSION = YES;
				CLANG_WARN_INFINITE_RECURSION = YES;
				CLANG_WARN_INT_CONVERSION = YES;
				CLANG_WARN_NON_LITERAL_NULL_CONVERSION = YES;
				CLANG_WARN_OBJC_IMPLICIT_RETAIN_SELF = YES;
				CLANG_WARN_OBJC_LITERAL_CONVERSION = YES;
				CLANG_WARN_OBJC_ROOT_CLASS = YES_ERROR;
				CLANG_WARN_QUOTED_INCLUDE_IN_FRAMEWORK_HEADER = YES;
				CLANG_WARN_RANGE_LOOP_ANALYSIS = YES;
				CLANG_WARN_STRICT_PROTOTYPES = YES;
				CLANG_WARN_SUSPICIOUS_MOVE = YES;
				CLANG_WARN_UNGUARDED_AVAILABILITY = YES_AGGRESSIVE;
				CLANG_WARN_UNREACHABLE_CODE = YES;
				CLANG_WARN__DUPLICATE_METHOD_MATCH = YES;
				COPY_PHASE_STRIP = NO;
				DEBUG_INFORMATION_FORMAT = dwarf;
				ENABLE_STRICT_OBJC_MSGSEND = YES;
				ENABLE_TESTABILITY = YES;
				GCC_C_LANGUAGE_STANDARD = gnu11;
				GCC_DYNAMIC_NO_PIC = NO;
				GCC_NO_COMMON_BLOCKS = YES;
				GCC_OPTIMIZATION_LEVEL = 0;
				GCC_PREPROCESSOR_DEFINITIONS = (
					"DEBUG=1",
					"$(inherited)",
				);
				GCC_WARN_64_TO_32_BIT_CONVERSION = YES;
				GCC_WARN_ABOUT_RETURN_TYPE = YES_ERROR;
				GCC_WARN_UNDECLARED_SELECTOR = YES;
				GCC_WARN_UNINITIALIZED_AUTOS = YES_AGGRESSIVE;
				GCC_WARN_UNUSED_FUNCTION = YES;
				GCC_WARN_UNUSED_VARIABLE = YES;
				IPHONEOS_DEPLOYMENT_TARGET = 16.4;
				MTL_ENABLE_DEBUG_INFO = INCLUDE_SOURCE;
				MTL_FAST_MATH = YES;
				ONLY_ACTIVE_ARCH = YES;
				SDKROOT = iphoneos;
				SWIFT_ACTIVE_COMPILATION_CONDITIONS = DEBUG;
				SWIFT_OPTIMIZATION_LEVEL = "-Onone";
			};
			name = Debug;
		};
		5D27842B2B5E28AD007BBE1F /* Release */ = {
			isa = XCBuildConfiguration;
			buildSettings = {
				ALWAYS_SEARCH_USER_PATHS = NO;
				CLANG_ANALYZER_NONNULL = YES;
				CLANG_ANALYZER_NUMBER_OBJECT_CONVERSION = YES_AGGRESSIVE;
				CLANG_CXX_LANGUAGE_STANDARD = "gnu++20";
				CLANG_ENABLE_MODULES = YES;
				CLANG_ENABLE_OBJC_ARC = YES;
				CLANG_ENABLE_OBJC_WEAK = YES;
				CLANG_WARN_BLOCK_CAPTURE_AUTORELEASING = YES;
				CLANG_WARN_BOOL_CONVERSION = YES;
				CLANG_WARN_COMMA = YES;
				CLANG_WARN_CONSTANT_CONVERSION = YES;
				CLANG_WARN_DEPRECATED_OBJC_IMPLEMENTATIONS = YES;
				CLANG_WARN_DIRECT_OBJC_ISA_USAGE = YES_ERROR;
				CLANG_WARN_DOCUMENTATION_COMMENTS = YES;
				CLANG_WARN_EMPTY_BODY = YES;
				CLANG_WARN_ENUM_CONVERSION = YES;
				CLANG_WARN_INFINITE_RECURSION = YES;
				CLANG_WARN_INT_CONVERSION = YES;
				CLANG_WARN_NON_LITERAL_NULL_CONVERSION = YES;
				CLANG_WARN_OBJC_IMPLICIT_RETAIN_SELF = YES;
				CLANG_WARN_OBJC_LITERAL_CONVERSION = YES;
				CLANG_WARN_OBJC_ROOT_CLASS = YES_ERROR;
				CLANG_WARN_QUOTED_INCLUDE_IN_FRAMEWORK_HEADER = YES;
				CLANG_WARN_RANGE_LOOP_ANALYSIS = YES;
				CLANG_WARN_STRICT_PROTOTYPES = YES;
				CLANG_WARN_SUSPICIOUS_MOVE = YES;
				CLANG_WARN_UNGUARDED_AVAILABILITY = YES_AGGRESSIVE;
				CLANG_WARN_UNREACHABLE_CODE = YES;
				CLANG_WARN__DUPLICATE_METHOD_MATCH = YES;
				COPY_PHASE_STRIP = NO;
				DEBUG_INFORMATION_FORMAT = "dwarf-with-dsym";
				ENABLE_NS_ASSERTIONS = NO;
				ENABLE_STRICT_OBJC_MSGSEND = YES;
				GCC_C_LANGUAGE_STANDARD = gnu11;
				GCC_NO_COMMON_BLOCKS = YES;
				GCC_WARN_64_TO_32_BIT_CONVERSION = YES;
				GCC_WARN_ABOUT_RETURN_TYPE = YES_ERROR;
				GCC_WARN_UNDECLARED_SELECTOR = YES;
				GCC_WARN_UNINITIALIZED_AUTOS = YES_AGGRESSIVE;
				GCC_WARN_UNUSED_FUNCTION = YES;
				GCC_WARN_UNUSED_VARIABLE = YES;
				IPHONEOS_DEPLOYMENT_TARGET = 16.4;
				MTL_ENABLE_DEBUG_INFO = NO;
				MTL_FAST_MATH = YES;
				SDKROOT = iphoneos;
				SWIFT_COMPILATION_MODE = wholemodule;
				SWIFT_OPTIMIZATION_LEVEL = "-O";
				VALIDATE_PRODUCT = YES;
			};
			name = Release;
		};
		5D27842D2B5E28AD007BBE1F /* Debug */ = {
			isa = XCBuildConfiguration;
			baseConfigurationReference = F3506C5659CCF22FBFD0B393 /* Pods-ios-foundation.debug.xcconfig */;
			buildSettings = {
				ASSETCATALOG_COMPILER_APPICON_NAME = AppIcon;
				ASSETCATALOG_COMPILER_GLOBAL_ACCENT_COLOR_NAME = AccentColor;
				CODE_SIGN_STYLE = Manual;
				CURRENT_PROJECT_VERSION = 1;
				DEVELOPMENT_TEAM = "";
				GENERATE_INFOPLIST_FILE = YES;
				INFOPLIST_FILE = "ios-foundation/Info.plist";
				INFOPLIST_KEY_UIApplicationSupportsIndirectInputEvents = YES;
				INFOPLIST_KEY_UILaunchStoryboardName = LaunchScreen;
				INFOPLIST_KEY_UISupportedInterfaceOrientations_iPad = "UIInterfaceOrientationPortrait UIInterfaceOrientationPortraitUpsideDown UIInterfaceOrientationLandscapeLeft UIInterfaceOrientationLandscapeRight";
				INFOPLIST_KEY_UISupportedInterfaceOrientations_iPhone = "UIInterfaceOrientationPortrait UIInterfaceOrientationLandscapeLeft UIInterfaceOrientationLandscapeRight";
				LD_RUNPATH_SEARCH_PATHS = (
					"$(inherited)",
					"@executable_path/Frameworks",
				);
				MARKETING_VERSION = 1.0;
				PRODUCT_BUNDLE_IDENTIFIER = "com.test.ios-foundation";
				PRODUCT_NAME = "$(TARGET_NAME)";
				PROVISIONING_PROFILE_SPECIFIER = "";
				SWIFT_EMIT_LOC_STRINGS = YES;
				SWIFT_VERSION = 5.0;
				TARGETED_DEVICE_FAMILY = "1,2";
			};
			name = Debug;
		};
		5D27842E2B5E28AD007BBE1F /* Release */ = {
			isa = XCBuildConfiguration;
			baseConfigurationReference = 93043975EC65A7475898B6D8 /* Pods-ios-foundation.release.xcconfig */;
			buildSettings = {
				ASSETCATALOG_COMPILER_APPICON_NAME = AppIcon;
				ASSETCATALOG_COMPILER_GLOBAL_ACCENT_COLOR_NAME = AccentColor;
				CODE_SIGN_STYLE = Manual;
				CURRENT_PROJECT_VERSION = 1;
				DEVELOPMENT_TEAM = "";
				GENERATE_INFOPLIST_FILE = YES;
				INFOPLIST_FILE = "ios-foundation/Info.plist";
				INFOPLIST_KEY_UIApplicationSupportsIndirectInputEvents = YES;
				INFOPLIST_KEY_UILaunchStoryboardName = LaunchScreen;
				INFOPLIST_KEY_UISupportedInterfaceOrientations_iPad = "UIInterfaceOrientationPortrait UIInterfaceOrientationPortraitUpsideDown UIInterfaceOrientationLandscapeLeft UIInterfaceOrientationLandscapeRight";
				INFOPLIST_KEY_UISupportedInterfaceOrientations_iPhone = "UIInterfaceOrientationPortrait UIInterfaceOrientationLandscapeLeft UIInterfaceOrientationLandscapeRight";
				LD_RUNPATH_SEARCH_PATHS = (
					"$(inherited)",
					"@executable_path/Frameworks",
				);
				MARKETING_VERSION = 1.0;
				PRODUCT_BUNDLE_IDENTIFIER = "com.test.ios-foundation";
				PRODUCT_NAME = "$(TARGET_NAME)";
				PROVISIONING_PROFILE_SPECIFIER = "";
				SWIFT_EMIT_LOC_STRINGS = YES;
				SWIFT_VERSION = 5.0;
				TARGETED_DEVICE_FAMILY = "1,2";
			};
			name = Release;
		};
		5D2784302B5E28AD007BBE1F /* Debug */ = {
			isa = XCBuildConfiguration;
			baseConfigurationReference = F9626823587D985C3E4BDB59 /* Pods-ios-foundationTests.debug.xcconfig */;
			buildSettings = {
				ALWAYS_EMBED_SWIFT_STANDARD_LIBRARIES = YES;
				BUNDLE_LOADER = "$(TEST_HOST)";
				CODE_SIGN_STYLE = Automatic;
				CURRENT_PROJECT_VERSION = 1;
				DEVELOPMENT_TEAM = FQMV6QG3U8;
				GENERATE_INFOPLIST_FILE = YES;
				IPHONEOS_DEPLOYMENT_TARGET = 16.4;
				MARKETING_VERSION = 1.0;
				PRODUCT_BUNDLE_IDENTIFIER = "com.test.ios-foundationTests";
				PRODUCT_NAME = "$(TARGET_NAME)";
				SWIFT_EMIT_LOC_STRINGS = NO;
				SWIFT_VERSION = 5.0;
				TARGETED_DEVICE_FAMILY = "1,2";
				TEST_HOST = "$(BUILT_PRODUCTS_DIR)/ios-foundation.app/$(BUNDLE_EXECUTABLE_FOLDER_PATH)/ios-foundation";
			};
			name = Debug;
		};
		5D2784312B5E28AD007BBE1F /* Release */ = {
			isa = XCBuildConfiguration;
			baseConfigurationReference = 2365EB6657764A681A7557D4 /* Pods-ios-foundationTests.release.xcconfig */;
			buildSettings = {
				ALWAYS_EMBED_SWIFT_STANDARD_LIBRARIES = YES;
				BUNDLE_LOADER = "$(TEST_HOST)";
				CODE_SIGN_STYLE = Automatic;
				CURRENT_PROJECT_VERSION = 1;
				DEVELOPMENT_TEAM = FQMV6QG3U8;
				GENERATE_INFOPLIST_FILE = YES;
				IPHONEOS_DEPLOYMENT_TARGET = 16.4;
				MARKETING_VERSION = 1.0;
				PRODUCT_BUNDLE_IDENTIFIER = "com.test.ios-foundationTests";
				PRODUCT_NAME = "$(TARGET_NAME)";
				SWIFT_EMIT_LOC_STRINGS = NO;
				SWIFT_VERSION = 5.0;
				TARGETED_DEVICE_FAMILY = "1,2";
				TEST_HOST = "$(BUILT_PRODUCTS_DIR)/ios-foundation.app/$(BUNDLE_EXECUTABLE_FOLDER_PATH)/ios-foundation";
			};
			name = Release;
		};
		5D2784332B5E28AD007BBE1F /* Debug */ = {
			isa = XCBuildConfiguration;
			baseConfigurationReference = 8518FCC7F70FB8AAF7E78486 /* Pods-ios-foundation-ios-foundationUITests.debug.xcconfig */;
			buildSettings = {
				ALWAYS_EMBED_SWIFT_STANDARD_LIBRARIES = YES;
				CODE_SIGN_STYLE = Automatic;
				CURRENT_PROJECT_VERSION = 1;
				DEVELOPMENT_TEAM = FQMV6QG3U8;
				GENERATE_INFOPLIST_FILE = YES;
				MARKETING_VERSION = 1.0;
				PRODUCT_BUNDLE_IDENTIFIER = "com.test.ios-foundationUITests";
				PRODUCT_NAME = "$(TARGET_NAME)";
				SWIFT_EMIT_LOC_STRINGS = NO;
				SWIFT_VERSION = 5.0;
				TARGETED_DEVICE_FAMILY = "1,2";
				TEST_TARGET_NAME = "ios-foundation";
			};
			name = Debug;
		};
		5D2784342B5E28AD007BBE1F /* Release */ = {
			isa = XCBuildConfiguration;
			baseConfigurationReference = 94D740223BCF640ADA74077D /* Pods-ios-foundation-ios-foundationUITests.release.xcconfig */;
			buildSettings = {
				ALWAYS_EMBED_SWIFT_STANDARD_LIBRARIES = YES;
				CODE_SIGN_STYLE = Automatic;
				CURRENT_PROJECT_VERSION = 1;
				DEVELOPMENT_TEAM = FQMV6QG3U8;
				GENERATE_INFOPLIST_FILE = YES;
				MARKETING_VERSION = 1.0;
				PRODUCT_BUNDLE_IDENTIFIER = "com.test.ios-foundationUITests";
				PRODUCT_NAME = "$(TARGET_NAME)";
				SWIFT_EMIT_LOC_STRINGS = NO;
				SWIFT_VERSION = 5.0;
				TARGETED_DEVICE_FAMILY = "1,2";
				TEST_TARGET_NAME = "ios-foundation";
			};
			name = Release;
		};
/* End XCBuildConfiguration section */

/* Begin XCConfigurationList section */
		5D2783FA2B5E28AB007BBE1F /* Build configuration list for PBXProject "ios-foundation" */ = {
			isa = XCConfigurationList;
			buildConfigurations = (
				5D27842A2B5E28AD007BBE1F /* Debug */,
				5D27842B2B5E28AD007BBE1F /* Release */,
			);
			defaultConfigurationIsVisible = 0;
			defaultConfigurationName = Release;
		};
		5D27842C2B5E28AD007BBE1F /* Build configuration list for PBXNativeTarget "ios-foundation" */ = {
			isa = XCConfigurationList;
			buildConfigurations = (
				5D27842D2B5E28AD007BBE1F /* Debug */,
				5D27842E2B5E28AD007BBE1F /* Release */,
			);
			defaultConfigurationIsVisible = 0;
			defaultConfigurationName = Release;
		};
		5D27842F2B5E28AD007BBE1F /* Build configuration list for PBXNativeTarget "ios-foundationTests" */ = {
			isa = XCConfigurationList;
			buildConfigurations = (
				5D2784302B5E28AD007BBE1F /* Debug */,
				5D2784312B5E28AD007BBE1F /* Release */,
			);
			defaultConfigurationIsVisible = 0;
			defaultConfigurationName = Release;
		};
		5D2784322B5E28AD007BBE1F /* Build configuration list for PBXNativeTarget "ios-foundationUITests" */ = {
			isa = XCConfigurationList;
			buildConfigurations = (
				5D2784332B5E28AD007BBE1F /* Debug */,
				5D2784342B5E28AD007BBE1F /* Release */,
			);
			defaultConfigurationIsVisible = 0;
			defaultConfigurationName = Release;
		};
/* End XCConfigurationList section */

/* Begin XCVersionGroup section */
		5D27840B2B5E28AB007BBE1F /* ios_foundation.xcdatamodeld */ = {
			isa = XCVersionGroup;
			children = (
				5D27840C2B5E28AB007BBE1F /* ios_foundation.xcdatamodel */,
			);
			currentVersion = 5D27840C2B5E28AB007BBE1F /* ios_foundation.xcdatamodel */;
			path = ios_foundation.xcdatamodeld;
			sourceTree = "<group>";
			versionGroupType = wrapper.xcdatamodel;
		};
/* End XCVersionGroup section */
	};
	rootObject = 5D2783F72B5E28AB007BBE1F /* Project object */;
}
